
Microsoft Visual Studio Solution File, Format Version 12.00
# Visual Studio Version 17
VisualStudioVersion = 17.4.33110.190
MinimumVisualStudioVersion = 10.0.40219.1
Project("{FAE04EC0-301F-11D3-BF4B-00C04F79EFBC}") = "AspCoreKeedaRestFulAPI", "AspCoreKeedaRestFulAPI\AspCoreKeedaRestFulAPI.csproj", "{62CD8414-5920-4A82-BB99-F9A1B89B9065}"
EndProject
Project("{FAE04EC0-301F-11D3-BF4B-00C04F79EFBC}") = "DataAccessLayer", "DataAccessLayer\DataAccessLayer.csproj", "{797FDA20-9888-4F55-9F4D-712B170DCAD7}"
EndProject
Global
	GlobalSection(SolutionConfigurationPlatforms) = preSolution
		Debug|Any CPU = Debug|Any CPU
		Release|Any CPU = Release|Any CPU
	EndGlobalSection
	GlobalSection(ProjectConfigurationPlatforms) = postSolution
		{62CD8414-5920-4A82-BB99-F9A1B89B9065}.Debug|Any CPU.ActiveCfg = Debug|Any CPU
		{62CD8414-5920-4A82-BB99-F9A1B89B9065}.Debug|Any CPU.Build.0 = Debug|Any CPU
		{62CD8414-5920-4A82-BB99-F9A1B89B9065}.Release|Any CPU.ActiveCfg = Release|Any CPU
		{62CD8414-5920-4A82-BB99-F9A1B89B9065}.Release|Any CPU.Build.0 = Release|Any CPU
		{797FDA20-9888-4F55-9F4D-712B170DCAD7}.Debug|Any CPU.ActiveCfg = Debug|Any CPU
		{797FDA20-9888-4F55-9F4D-712B170DCAD7}.Debug|Any CPU.Build.0 = Debug|Any CPU
		{797FDA20-9888-4F55-9F4D-712B170DCAD7}.Release|Any CPU.ActiveCfg = Release|Any CPU
		{797FDA20-9888-4F55-9F4D-712B170DCAD7}.Release|Any CPU.Build.0 = Release|Any CPU
	EndGlobalSection
	GlobalSection(SolutionProperties) = preSolution
		HideSolutionNode = FALSE
	EndGlobalSection
	GlobalSection(ExtensibilityGlobals) = postSolution
		SolutionGuid = {4E9A366E-FDB2-4087-992D-69E8958A20AB}
	EndGlobalSection
EndGlobal
